PODS:
  - Introspect (0.1.4)
  - SDWebImage (5.12.3):
    - SDWebImage/Core (= 5.12.3)
  - SDWebImage/Core (5.12.3)
  - SDWebImageSwiftUI (2.0.2):
    - SDWebImage (~> 5.10)
  - SwiftUIRefresh (0.0.3):
    - Introspect (~> 0.1.0)

DEPENDENCIES:
  - SDWebImageSwiftUI
  - SwiftUIRefresh

SPEC REPOS:
  trunk:
    - Introspect
    - SDWebImage
    - SDWebImageSwiftUI
    - SwiftUIRefresh

SPEC CHECKSUMS:
  Introspect: b62c4dd2063072327c21d618ef2bedc3c87bc366
  SDWebImage: 53179a2dba77246efa8a9b85f5c5b21f8f43e38f
  SDWebImageSwiftUI: 8a3923c95108312b03a599ec1498754af55a6819
  SwiftUIRefresh: ca6ae2718d25aad5dd68bbf5d2ae36ef6ade98bf

PODFILE CHECKSUM: 3385b6bd059cf91d7c111a87f63ad9831d7847a3

COCOAPODS: 1.11.2
