// !$*UTF8*$!
{
	archiveVersion = 1;
	classes = {
	};
	objectVersion = 55;
	objects = {

/* Begin PBXBuildFile section */
		276EE13C28828F38004D816F /* MovieViewRow.swift in Sources */ = {isa = PBXBuildFile; fileRef = 276EE13B28828F38004D816F /* MovieViewRow.swift */; };
		277E6F432882EA77003E6FFF /* MovieDetailView.swift in Sources */ = {isa = PBXBuildFile; fileRef = 277E6F422882EA77003E6FFF /* MovieDetailView.swift */; };
		277E6F452882ECCC003E6FFF /* MovieDetailViewModel.swift in Sources */ = {isa = PBXBuildFile; fileRef = 277E6F442882ECCC003E6FFF /* MovieDetailViewModel.swift */; };
		277E6F47288329DF003E6FFF /* LazyView.swift in Sources */ = {isa = PBXBuildFile; fileRef = 277E6F46288329DF003E6FFF /* LazyView.swift */; };
		2788AF85288285D5009CA6A5 /* ContentView.swift in Sources */ = {isa = PBXBuildFile; fileRef = 2788AF84288285D5009CA6A5 /* ContentView.swift */; };
		2788AF87288285D7009CA6A5 /* Assets.xcassets in Resources */ = {isa = PBXBuildFile; fileRef = 2788AF86288285D7009CA6A5 /* Assets.xcassets */; };
		2788AF9228828611009CA6A5 /* AppDelegate.swift in Sources */ = {isa = PBXBuildFile; fileRef = 2788AF9128828611009CA6A5 /* AppDelegate.swift */; };
		2788AF9428828619009CA6A5 /* SceneDelegate.swift in Sources */ = {isa = PBXBuildFile; fileRef = 2788AF9328828619009CA6A5 /* SceneDelegate.swift */; };
		2788AF9928828914009CA6A5 /* Launch Screen.storyboard in Resources */ = {isa = PBXBuildFile; fileRef = 2788AF9828828914009CA6A5 /* Launch Screen.storyboard */; };
		2788AF9B2882894E009CA6A5 /* MovieListingView.swift in Sources */ = {isa = PBXBuildFile; fileRef = 2788AF9A2882894E009CA6A5 /* MovieListingView.swift */; };
		27AE269D2884278E0038F67B /* MovieDataManager.swift in Sources */ = {isa = PBXBuildFile; fileRef = 27AE269C2884278E0038F67B /* MovieDataManager.swift */; };
		27AFA0AE2883DE18005F9FB0 /* YoutubeVideoView.swift in Sources */ = {isa = PBXBuildFile; fileRef = 27AFA0AD2883DE18005F9FB0 /* YoutubeVideoView.swift */; };
		27AFA0B128840F68005F9FB0 /* DBHelper.swift in Sources */ = {isa = PBXBuildFile; fileRef = 27AFA0B028840F68005F9FB0 /* DBHelper.swift */; };
		27AFA0B528840FAB005F9FB0 /* Movies.xcdatamodeld in Sources */ = {isa = PBXBuildFile; fileRef = 27AFA0B328840FAB005F9FB0 /* Movies.xcdatamodeld */; };
		27AFA0B72884104E005F9FB0 /* CoreDataHelper.swift in Sources */ = {isa = PBXBuildFile; fileRef = 27AFA0B62884104E005F9FB0 /* CoreDataHelper.swift */; };
		27D9CD31288291AE00EEAF86 /* PopularMoviesViewModel.swift in Sources */ = {isa = PBXBuildFile; fileRef = 27D9CD30288291AE00EEAF86 /* PopularMoviesViewModel.swift */; };
		27D9CD33288291DF00EEAF86 /* BaseViewModel.swift in Sources */ = {isa = PBXBuildFile; fileRef = 27D9CD32288291DF00EEAF86 /* BaseViewModel.swift */; };
		27D9CD372882950600EEAF86 /* AppConstants.swift in Sources */ = {isa = PBXBuildFile; fileRef = 27D9CD362882950600EEAF86 /* AppConstants.swift */; };
		27D9CD392882958600EEAF86 /* BaseNetworkManager.swift in Sources */ = {isa = PBXBuildFile; fileRef = 27D9CD382882958600EEAF86 /* BaseNetworkManager.swift */; };
		27D9CD3B2882979300EEAF86 /* MovieNetworkManager.swift in Sources */ = {isa = PBXBuildFile; fileRef = 27D9CD3A2882979300EEAF86 /* MovieNetworkManager.swift */; };
		27D9CD3F2882985D00EEAF86 /* MovieModel.swift in Sources */ = {isa = PBXBuildFile; fileRef = 27D9CD3E2882985D00EEAF86 /* MovieModel.swift */; };
		27D9CD41288298D800EEAF86 /* BaseResponses.swift in Sources */ = {isa = PBXBuildFile; fileRef = 27D9CD40288298D800EEAF86 /* BaseResponses.swift */; };
		27D9CD4428829AF400EEAF86 /* Constants.swift in Sources */ = {isa = PBXBuildFile; fileRef = 27D9CD4328829AF400EEAF86 /* Constants.swift */; };
		27D9CD462882BA0800EEAF86 /* MoviesViewModelInterface.swift in Sources */ = {isa = PBXBuildFile; fileRef = 27D9CD452882BA0800EEAF86 /* MoviesViewModelInterface.swift */; };
		27D9CD482882BC8E00EEAF86 /* TopRatedMoviesViewModel.swift in Sources */ = {isa = PBXBuildFile; fileRef = 27D9CD472882BC8E00EEAF86 /* TopRatedMoviesViewModel.swift */; };
		27D9CD4A2882C64A00EEAF86 /* ActivityIndicator.swift in Sources */ = {isa = PBXBuildFile; fileRef = 27D9CD492882C64A00EEAF86 /* ActivityIndicator.swift */; };
		27F0A6DA2883CAD600722B60 /* LoadingView.swift in Sources */ = {isa = PBXBuildFile; fileRef = 27F0A6D92883CAD600722B60 /* LoadingView.swift */; };
		27F0A6DC2883CD0E00722B60 /* ErrorView.swift in Sources */ = {isa = PBXBuildFile; fileRef = 27F0A6DB2883CD0E00722B60 /* ErrorView.swift */; };
		27F0A6DE2883D40800722B60 /* MovieTrailerView.swift in Sources */ = {isa = PBXBuildFile; fileRef = 27F0A6DD2883D40800722B60 /* MovieTrailerView.swift */; };
		27F0A6E02883D41900722B60 /* MovieTrailerViewModel.swift in Sources */ = {isa = PBXBuildFile; fileRef = 27F0A6DF2883D41900722B60 /* MovieTrailerViewModel.swift */; };
		94F30652002960127A247DE5 /* Pods_MoviesApp.framework in Frameworks */ = {isa = PBXBuildFile; fileRef = 099F1FD9DCDB27E70EC74429 /* Pods_MoviesApp.framework */; };
/* End PBXBuildFile section */

/* Begin PBXFileReference section */
		099F1FD9DCDB27E70EC74429 /* Pods_MoviesApp.framework */ = {isa = PBXFileReference; explicitFileType = wrapper.framework; includeInIndex = 0; path = Pods_MoviesApp.framework; sourceTree = BUILT_PRODUCTS_DIR; };
		276EE13B28828F38004D816F /* MovieViewRow.swift */ = {isa = PBXFileReference; lastKnownFileType = sourcecode.swift; path = MovieViewRow.swift; sourceTree = "<group>"; };
		277E6F422882EA77003E6FFF /* MovieDetailView.swift */ = {isa = PBXFileReference; lastKnownFileType = sourcecode.swift; path = MovieDetailView.swift; sourceTree = "<group>"; };
		277E6F442882ECCC003E6FFF /* MovieDetailViewModel.swift */ = {isa = PBXFileReference; lastKnownFileType = sourcecode.swift; path = MovieDetailViewModel.swift; sourceTree = "<group>"; };
		277E6F46288329DF003E6FFF /* LazyView.swift */ = {isa = PBXFileReference; lastKnownFileType = sourcecode.swift; path = LazyView.swift; sourceTree = "<group>"; };
		2788AF7F288285D5009CA6A5 /* MoviesApp.app */ = {isa = PBXFileReference; explicitFileType = wrapper.application; includeInIndex = 0; path = MoviesApp.app; sourceTree = BUILT_PRODUCTS_DIR; };
		2788AF84288285D5009CA6A5 /* ContentView.swift */ = {isa = PBXFileReference; lastKnownFileType = sourcecode.swift; path = ContentView.swift; sourceTree = "<group>"; };
		2788AF86288285D7009CA6A5 /* Assets.xcassets */ = {isa = PBXFileReference; lastKnownFileType = folder.assetcatalog; path = Assets.xcassets; sourceTree = "<group>"; };
		2788AF9128828611009CA6A5 /* AppDelegate.swift */ = {isa = PBXFileReference; lastKnownFileType = sourcecode.swift; path = AppDelegate.swift; sourceTree = "<group>"; };
		2788AF9328828619009CA6A5 /* SceneDelegate.swift */ = {isa = PBXFileReference; lastKnownFileType = sourcecode.swift; path = SceneDelegate.swift; sourceTree = "<group>"; };
		2788AF9628828738009CA6A5 /* Info.plist */ = {isa = PBXFileReference; lastKnownFileType = text.plist; path = Info.plist; sourceTree = "<group>"; };
		2788AF9828828914009CA6A5 /* Launch Screen.storyboard */ = {isa = PBXFileReference; lastKnownFileType = file.storyboard; path = "Launch Screen.storyboard"; sourceTree = "<group>"; };
		2788AF9A2882894E009CA6A5 /* MovieListingView.swift */ = {isa = PBXFileReference; lastKnownFileType = sourcecode.swift; path = MovieListingView.swift; sourceTree = "<group>"; };
		27AE269C2884278E0038F67B /* MovieDataManager.swift */ = {isa = PBXFileReference; lastKnownFileType = sourcecode.swift; path = MovieDataManager.swift; sourceTree = "<group>"; };
		27AFA0AD2883DE18005F9FB0 /* YoutubeVideoView.swift */ = {isa = PBXFileReference; lastKnownFileType = sourcecode.swift; path = YoutubeVideoView.swift; sourceTree = "<group>"; };
		27AFA0B028840F68005F9FB0 /* DBHelper.swift */ = {isa = PBXFileReference; lastKnownFileType = sourcecode.swift; path = DBHelper.swift; sourceTree = "<group>"; };
		27AFA0B428840FAB005F9FB0 /* Movies.xcdatamodel */ = {isa = PBXFileReference; lastKnownFileType = wrapper.xcdatamodel; path = Movies.xcdatamodel; sourceTree = "<group>"; };
		27AFA0B62884104E005F9FB0 /* CoreDataHelper.swift */ = {isa = PBXFileReference; lastKnownFileType = sourcecode.swift; path = CoreDataHelper.swift; sourceTree = "<group>"; };
		27D9CD30288291AE00EEAF86 /* PopularMoviesViewModel.swift */ = {isa = PBXFileReference; lastKnownFileType = sourcecode.swift; path = PopularMoviesViewModel.swift; sourceTree = "<group>"; };
		27D9CD32288291DF00EEAF86 /* BaseViewModel.swift */ = {isa = PBXFileReference; lastKnownFileType = sourcecode.swift; path = BaseViewModel.swift; sourceTree = "<group>"; };
		27D9CD362882950600EEAF86 /* AppConstants.swift */ = {isa = PBXFileReference; lastKnownFileType = sourcecode.swift; path = AppConstants.swift; sourceTree = "<group>"; };
		27D9CD382882958600EEAF86 /* BaseNetworkManager.swift */ = {isa = PBXFileReference; lastKnownFileType = sourcecode.swift; path = BaseNetworkManager.swift; sourceTree = "<group>"; };
		27D9CD3A2882979300EEAF86 /* MovieNetworkManager.swift */ = {isa = PBXFileReference; lastKnownFileType = sourcecode.swift; path = MovieNetworkManager.swift; sourceTree = "<group>"; };
		27D9CD3E2882985D00EEAF86 /* MovieModel.swift */ = {isa = PBXFileReference; lastKnownFileType = sourcecode.swift; path = MovieModel.swift; sourceTree = "<group>"; };
		27D9CD40288298D800EEAF86 /* BaseResponses.swift */ = {isa = PBXFileReference; lastKnownFileType = sourcecode.swift; path = BaseResponses.swift; sourceTree = "<group>"; };
		27D9CD4328829AF400EEAF86 /* Constants.swift */ = {isa = PBXFileReference; lastKnownFileType = sourcecode.swift; path = Constants.swift; sourceTree = "<group>"; };
		27D9CD452882BA0800EEAF86 /* MoviesViewModelInterface.swift */ = {isa = PBXFileReference; lastKnownFileType = sourcecode.swift; path = MoviesViewModelInterface.swift; sourceTree = "<group>"; };
		27D9CD472882BC8E00EEAF86 /* TopRatedMoviesViewModel.swift */ = {isa = PBXFileReference; lastKnownFileType = sourcecode.swift; path = TopRatedMoviesViewModel.swift; sourceTree = "<group>"; };
		27D9CD492882C64A00EEAF86 /* ActivityIndicator.swift */ = {isa = PBXFileReference; lastKnownFileType = sourcecode.swift; path = ActivityIndicator.swift; sourceTree = "<group>"; };
		27F0A6D92883CAD600722B60 /* LoadingView.swift */ = {isa = PBXFileReference; lastKnownFileType = sourcecode.swift; path = LoadingView.swift; sourceTree = "<group>"; };
		27F0A6DB2883CD0E00722B60 /* ErrorView.swift */ = {isa = PBXFileReference; lastKnownFileType = sourcecode.swift; path = ErrorView.swift; sourceTree = "<group>"; };
		27F0A6DD2883D40800722B60 /* MovieTrailerView.swift */ = {isa = PBXFileReference; lastKnownFileType = sourcecode.swift; path = MovieTrailerView.swift; sourceTree = "<group>"; };
		27F0A6DF2883D41900722B60 /* MovieTrailerViewModel.swift */ = {isa = PBXFileReference; lastKnownFileType = sourcecode.swift; path = MovieTrailerViewModel.swift; sourceTree = "<group>"; };
		501BF3CD7C27D44D2463F382 /* Pods-MoviesApp.debug.xcconfig */ = {isa = PBXFileReference; includeInIndex = 1; lastKnownFileType = text.xcconfig; name = "Pods-MoviesApp.debug.xcconfig"; path = "Target Support Files/Pods-MoviesApp/Pods-MoviesApp.debug.xcconfig"; sourceTree = "<group>"; };
		B2E3F8EF29FFBE5E9FA0849F /* Pods-MoviesApp.release.xcconfig */ = {isa = PBXFileReference; includeInIndex = 1; lastKnownFileType = text.xcconfig; name = "Pods-MoviesApp.release.xcconfig"; path = "Target Support Files/Pods-MoviesApp/Pods-MoviesApp.release.xcconfig"; sourceTree = "<group>"; };
/* End PBXFileReference section */

/* Begin PBXFrameworksBuildPhase section */
		2788AF7C288285D5009CA6A5 /* Frameworks */ = {
			isa = PBXFrameworksBuildPhase;
			buildActionMask = 2147483647;
			files = (
				94F30652002960127A247DE5 /* Pods_MoviesApp.framework in Frameworks */,
			);
			runOnlyForDeploymentPostprocessing = 0;
		};
/* End PBXFrameworksBuildPhase section */

/* Begin PBXGroup section */
		2788AF76288285D5009CA6A5 = {
			isa = PBXGroup;
			children = (
				2788AF81288285D5009CA6A5 /* MoviesApp */,
				2788AF80288285D5009CA6A5 /* Products */,
				4F97C94D776D8C55B17F955E /* Pods */,
				8B2F8E2014E9E8DA5B80755C /* Frameworks */,
			);
			sourceTree = "<group>";
		};
		2788AF80288285D5009CA6A5 /* Products */ = {
			isa = PBXGroup;
			children = (
				2788AF7F288285D5009CA6A5 /* MoviesApp.app */,
			);
			name = Products;
			sourceTree = "<group>";
		};
		2788AF81288285D5009CA6A5 /* MoviesApp */ = {
			isa = PBXGroup;
			children = (
				2788AF9628828738009CA6A5 /* Info.plist */,
				2788AF9028828605009CA6A5 /* App */,
				27D9CD35288294F800EEAF86 /* Models */,
				27D9CD2F2882919400EEAF86 /* ViewModel */,
				2788AF9528828682009CA6A5 /* Views */,
				2788AF97288288EE009CA6A5 /* Assets */,
				27D9CD4228829AEA00EEAF86 /* Utils */,
			);
			path = MoviesApp;
			sourceTree = "<group>";
		};
		2788AF9028828605009CA6A5 /* App */ = {
			isa = PBXGroup;
			children = (
				2788AF9128828611009CA6A5 /* AppDelegate.swift */,
				2788AF9328828619009CA6A5 /* SceneDelegate.swift */,
			);
			path = App;
			sourceTree = "<group>";
		};
		2788AF9528828682009CA6A5 /* Views */ = {
			isa = PBXGroup;
			children = (
				2788AF84288285D5009CA6A5 /* ContentView.swift */,
				27F0A6D82883CAC700722B60 /* Helpers */,
				2788AF9A2882894E009CA6A5 /* MovieListingView.swift */,
				276EE13B28828F38004D816F /* MovieViewRow.swift */,
				277E6F422882EA77003E6FFF /* MovieDetailView.swift */,
				27F0A6DD2883D40800722B60 /* MovieTrailerView.swift */,
			);
			path = Views;
			sourceTree = "<group>";
		};
		2788AF97288288EE009CA6A5 /* Assets */ = {
			isa = PBXGroup;
			children = (
				2788AF86288285D7009CA6A5 /* Assets.xcassets */,
				2788AF9828828914009CA6A5 /* Launch Screen.storyboard */,
			);
			path = Assets;
			sourceTree = "<group>";
		};
		27AE26992884275D0038F67B /* Managers */ = {
			isa = PBXGroup;
			children = (
				27AE269C2884278E0038F67B /* MovieDataManager.swift */,
			);
			path = Managers;
			sourceTree = "<group>";
		};
		27AFA0AF28840F55005F9FB0 /* Local Database */ = {
			isa = PBXGroup;
			children = (
				27AFA0B028840F68005F9FB0 /* DBHelper.swift */,
				27AFA0B228840F9A005F9FB0 /* Core Data */,
			);
			path = "Local Database";
			sourceTree = "<group>";
		};
		27AFA0B228840F9A005F9FB0 /* Core Data */ = {
			isa = PBXGroup;
			children = (
				27AFA0B328840FAB005F9FB0 /* Movies.xcdatamodeld */,
				27AFA0B62884104E005F9FB0 /* CoreDataHelper.swift */,
				27AE26992884275D0038F67B /* Managers */,
			);
			path = "Core Data";
			sourceTree = "<group>";
		};
		27D9CD2F2882919400EEAF86 /* ViewModel */ = {
			isa = PBXGroup;
			children = (
				27D9CD32288291DF00EEAF86 /* BaseViewModel.swift */,
				27D9CD452882BA0800EEAF86 /* MoviesViewModelInterface.swift */,
				27D9CD30288291AE00EEAF86 /* PopularMoviesViewModel.swift */,
				27D9CD472882BC8E00EEAF86 /* TopRatedMoviesViewModel.swift */,
				277E6F442882ECCC003E6FFF /* MovieDetailViewModel.swift */,
				27F0A6DF2883D41900722B60 /* MovieTrailerViewModel.swift */,
			);
			path = ViewModel;
			sourceTree = "<group>";
		};
		27D9CD35288294F800EEAF86 /* Models */ = {
			isa = PBXGroup;
			children = (
				27AFA0AF28840F55005F9FB0 /* Local Database */,
				27D9CD3C2882980C00EEAF86 /* Models */,
				27D9CD3D2882981C00EEAF86 /* Network */,
			);
			path = Models;
			sourceTree = "<group>";
		};
		27D9CD3C2882980C00EEAF86 /* Models */ = {
			isa = PBXGroup;
			children = (
				27D9CD3E2882985D00EEAF86 /* MovieModel.swift */,
				27D9CD40288298D800EEAF86 /* BaseResponses.swift */,
			);
			path = Models;
			sourceTree = "<group>";
		};
		27D9CD3D2882981C00EEAF86 /* Network */ = {
			isa = PBXGroup;
			children = (
				27D9CD362882950600EEAF86 /* AppConstants.swift */,
				27D9CD382882958600EEAF86 /* BaseNetworkManager.swift */,
				27D9CD3A2882979300EEAF86 /* MovieNetworkManager.swift */,
			);
			path = Network;
			sourceTree = "<group>";
		};
		27D9CD4228829AEA00EEAF86 /* Utils */ = {
			isa = PBXGroup;
			children = (
				27D9CD4328829AF400EEAF86 /* Constants.swift */,
			);
			path = Utils;
			sourceTree = "<group>";
		};
		27F0A6D82883CAC700722B60 /* Helpers */ = {
			isa = PBXGroup;
			children = (
				27AFA0AD2883DE18005F9FB0 /* YoutubeVideoView.swift */,
				27F0A6D92883CAD600722B60 /* LoadingView.swift */,
				27F0A6DB2883CD0E00722B60 /* ErrorView.swift */,
				27D9CD492882C64A00EEAF86 /* ActivityIndicator.swift */,
				277E6F46288329DF003E6FFF /* LazyView.swift */,
			);
			path = Helpers;
			sourceTree = "<group>";
		};
		4F97C94D776D8C55B17F955E /* Pods */ = {
			isa = PBXGroup;
			children = (
				501BF3CD7C27D44D2463F382 /* Pods-MoviesApp.debug.xcconfig */,
				B2E3F8EF29FFBE5E9FA0849F /* Pods-MoviesApp.release.xcconfig */,
			);
			path = Pods;
			sourceTree = "<group>";
		};
		8B2F8E2014E9E8DA5B80755C /* Frameworks */ = {
			isa = PBXGroup;
			children = (
				099F1FD9DCDB27E70EC74429 /* Pods_MoviesApp.framework */,
			);
			name = Frameworks;
			sourceTree = "<group>";
		};
/* End PBXGroup section */

/* Begin PBXNativeTarget section */
		2788AF7E288285D5009CA6A5 /* MoviesApp */ = {
			isa = PBXNativeTarget;
			buildConfigurationList = 2788AF8D288285D7009CA6A5 /* Build configuration list for PBXNativeTarget "MoviesApp" */;
			buildPhases = (
				DBECD881192B710C960D4219 /* [CP] Check Pods Manifest.lock */,
				2788AF7B288285D5009CA6A5 /* Sources */,
				2788AF7C288285D5009CA6A5 /* Frameworks */,
				2788AF7D288285D5009CA6A5 /* Resources */,
				8AEB528A1BB37F571FA339E7 /* [CP] Embed Pods Frameworks */,
			);
			buildRules = (
			);
			dependencies = (
			);
			name = MoviesApp;
			productName = MoviesApp;
			productReference = 2788AF7F288285D5009CA6A5 /* MoviesApp.app */;
			productType = "com.apple.product-type.application";
		};
/* End PBXNativeTarget section */

/* Begin PBXProject section */
		2788AF77288285D5009CA6A5 /* Project object */ = {
			isa = PBXProject;
			attributes = {
				BuildIndependentTargetsInParallel = 1;
				LastSwiftUpdateCheck = 1330;
				LastUpgradeCheck = 1330;
				TargetAttributes = {
					2788AF7E288285D5009CA6A5 = {
						CreatedOnToolsVersion = 13.3;
					};
				};
			};
			buildConfigurationList = 2788AF7A288285D5009CA6A5 /* Build configuration list for PBXProject "MoviesApp" */;
			compatibilityVersion = "Xcode 13.0";
			developmentRegion = en;
			hasScannedForEncodings = 0;
			knownRegions = (
				en,
				Base,
			);
			mainGroup = 2788AF76288285D5009CA6A5;
			productRefGroup = 2788AF80288285D5009CA6A5 /* Products */;
			projectDirPath = "";
			projectRoot = "";
			targets = (
				2788AF7E288285D5009CA6A5 /* MoviesApp */,
			);
		};
/* End PBXProject section */

/* Begin PBXResourcesBuildPhase section */
		2788AF7D288285D5009CA6A5 /* Resources */ = {
			isa = PBXResourcesBuildPhase;
			buildActionMask = 2147483647;
			files = (
				2788AF9928828914009CA6A5 /* Launch Screen.storyboard in Resources */,
				2788AF87288285D7009CA6A5 /* Assets.xcassets in Resources */,
			);
			runOnlyForDeploymentPostprocessing = 0;
		};
/* End PBXResourcesBuildPhase section */

/* Begin PBXShellScriptBuildPhase section */
		8AEB528A1BB37F571FA339E7 /* [CP] Embed Pods Frameworks */ = {
			isa = PBXShellScriptBuildPhase;
			buildActionMask = 2147483647;
			files = (
			);
			inputFileListPaths = (
				"${PODS_ROOT}/Target Support Files/Pods-MoviesApp/Pods-MoviesApp-frameworks-${CONFIGURATION}-input-files.xcfilelist",
			);
			name = "[CP] Embed Pods Frameworks";
			outputFileListPaths = (
				"${PODS_ROOT}/Target Support Files/Pods-MoviesApp/Pods-MoviesApp-frameworks-${CONFIGURATION}-output-files.xcfilelist",
			);
			runOnlyForDeploymentPostprocessing = 0;
			shellPath = /bin/sh;
			shellScript = "\"${PODS_ROOT}/Target Support Files/Pods-MoviesApp/Pods-MoviesApp-frameworks.sh\"\n";
			showEnvVarsInLog = 0;
		};
		DBECD881192B710C960D4219 /* [CP] Check Pods Manifest.lock */ = {
			isa = PBXShellScriptBuildPhase;
			buildActionMask = 2147483647;
			files = (
			);
			inputFileListPaths = (
			);
			inputPaths = (
				"${PODS_PODFILE_DIR_PATH}/Podfile.lock",
				"${PODS_ROOT}/Manifest.lock",
			);
			name = "[CP] Check Pods Manifest.lock";
			outputFileListPaths = (
			);
			outputPaths = (
				"$(DERIVED_FILE_DIR)/Pods-MoviesApp-checkManifestLockResult.txt",
			);
			runOnlyForDeploymentPostprocessing = 0;
			shellPath = /bin/sh;
			shellScript = "diff \"${PODS_PODFILE_DIR_PATH}/Podfile.lock\" \"${PODS_ROOT}/Manifest.lock\" > /dev/null\nif [ $? != 0 ] ; then\n    # print error to STDERR\n    echo \"error: The sandbox is not in sync with the Podfile.lock. Run 'pod install' or update your CocoaPods installation.\" >&2\n    exit 1\nfi\n# This output is used by Xcode 'outputs' to avoid re-running this script phase.\necho \"SUCCESS\" > \"${SCRIPT_OUTPUT_FILE_0}\"\n";
			showEnvVarsInLog = 0;
		};
/* End PBXShellScriptBuildPhase section */

/* Begin PBXSourcesBuildPhase section */
		2788AF7B288285D5009CA6A5 /* Sources */ = {
			isa = PBXSourcesBuildPhase;
			buildActionMask = 2147483647;
			files = (
				277E6F47288329DF003E6FFF /* LazyView.swift in Sources */,
				27D9CD3F2882985D00EEAF86 /* MovieModel.swift in Sources */,
				2788AF9B2882894E009CA6A5 /* MovieListingView.swift in Sources */,
				27D9CD372882950600EEAF86 /* AppConstants.swift in Sources */,
				27F0A6E02883D41900722B60 /* MovieTrailerViewModel.swift in Sources */,
				27F0A6DC2883CD0E00722B60 /* ErrorView.swift in Sources */,
				27AFA0B72884104E005F9FB0 /* CoreDataHelper.swift in Sources */,
				27AE269D2884278E0038F67B /* MovieDataManager.swift in Sources */,
				2788AF9228828611009CA6A5 /* AppDelegate.swift in Sources */,
				27D9CD3B2882979300EEAF86 /* MovieNetworkManager.swift in Sources */,
				27D9CD392882958600EEAF86 /* BaseNetworkManager.swift in Sources */,
				27D9CD482882BC8E00EEAF86 /* TopRatedMoviesViewModel.swift in Sources */,
				276EE13C28828F38004D816F /* MovieViewRow.swift in Sources */,
				277E6F452882ECCC003E6FFF /* MovieDetailViewModel.swift in Sources */,
				27AFA0B528840FAB005F9FB0 /* Movies.xcdatamodeld in Sources */,
				27F0A6DE2883D40800722B60 /* MovieTrailerView.swift in Sources */,
				27D9CD462882BA0800EEAF86 /* MoviesViewModelInterface.swift in Sources */,
				27D9CD41288298D800EEAF86 /* BaseResponses.swift in Sources */,
				27D9CD31288291AE00EEAF86 /* PopularMoviesViewModel.swift in Sources */,
				27AFA0AE2883DE18005F9FB0 /* YoutubeVideoView.swift in Sources */,
				27AFA0B128840F68005F9FB0 /* DBHelper.swift in Sources */,
				27F0A6DA2883CAD600722B60 /* LoadingView.swift in Sources */,
				27D9CD33288291DF00EEAF86 /* BaseViewModel.swift in Sources */,
				27D9CD4A2882C64A00EEAF86 /* ActivityIndicator.swift in Sources */,
				27D9CD4428829AF400EEAF86 /* Constants.swift in Sources */,
				277E6F432882EA77003E6FFF /* MovieDetailView.swift in Sources */,
				2788AF85288285D5009CA6A5 /* ContentView.swift in Sources */,
				2788AF9428828619009CA6A5 /* SceneDelegate.swift in Sources */,
			);
			runOnlyForDeploymentPostprocessing = 0;
		};
/* End PBXSourcesBuildPhase section */

/* Begin XCBuildConfiguration section */
		2788AF8B288285D7009CA6A5 /* Debug */ = {
			isa = XCBuildConfiguration;
			buildSettings = {
				ALWAYS_SEARCH_USER_PATHS = NO;
				CLANG_ANALYZER_NONNULL = YES;
				CLANG_ANALYZER_NUMBER_OBJECT_CONVERSION = YES_AGGRESSIVE;
				CLANG_CXX_LANGUAGE_STANDARD = "gnu++17";
				CLANG_ENABLE_MODULES = YES;
				CLANG_ENABLE_OBJC_ARC = YES;
				CLANG_ENABLE_OBJC_WEAK = YES;
				CLANG_WARN_BLOCK_CAPTURE_AUTORELEASING = YES;
				CLANG_WARN_BOOL_CONVERSION = YES;
				CLANG_WARN_COMMA = YES;
				CLANG_WARN_CONSTANT_CONVERSION = YES;
				CLANG_WARN_DEPRECATED_OBJC_IMPLEMENTATIONS = YES;
				CLANG_WARN_DIRECT_OBJC_ISA_USAGE = YES_ERROR;
				CLANG_WARN_DOCUMENTATION_COMMENTS = YES;
				CLANG_WARN_EMPTY_BODY = YES;
				CLANG_WARN_ENUM_CONVERSION = YES;
				CLANG_WARN_INFINITE_RECURSION = YES;
				CLANG_WARN_INT_CONVERSION = YES;
				CLANG_WARN_NON_LITERAL_NULL_CONVERSION = YES;
				CLANG_WARN_OBJC_IMPLICIT_RETAIN_SELF = YES;
				CLANG_WARN_OBJC_LITERAL_CONVERSION = YES;
				CLANG_WARN_OBJC_ROOT_CLASS = YES_ERROR;
				CLANG_WARN_QUOTED_INCLUDE_IN_FRAMEWORK_HEADER = YES;
				CLANG_WARN_RANGE_LOOP_ANALYSIS = YES;
				CLANG_WARN_STRICT_PROTOTYPES = YES;
				CLANG_WARN_SUSPICIOUS_MOVE = YES;
				CLANG_WARN_UNGUARDED_AVAILABILITY = YES_AGGRESSIVE;
				CLANG_WARN_UNREACHABLE_CODE = YES;
				CLANG_WARN__DUPLICATE_METHOD_MATCH = YES;
				COPY_PHASE_STRIP = NO;
				DEBUG_INFORMATION_FORMAT = dwarf;
				ENABLE_STRICT_OBJC_MSGSEND = YES;
				ENABLE_TESTABILITY = YES;
				GCC_C_LANGUAGE_STANDARD = gnu11;
				GCC_DYNAMIC_NO_PIC = NO;
				GCC_NO_COMMON_BLOCKS = YES;
				GCC_OPTIMIZATION_LEVEL = 0;
				GCC_PREPROCESSOR_DEFINITIONS = (
					"DEBUG=1",
					"$(inherited)",
				);
				GCC_WARN_64_TO_32_BIT_CONVERSION = YES;
				GCC_WARN_ABOUT_RETURN_TYPE = YES_ERROR;
				GCC_WARN_UNDECLARED_SELECTOR = YES;
				GCC_WARN_UNINITIALIZED_AUTOS = YES_AGGRESSIVE;
				GCC_WARN_UNUSED_FUNCTION = YES;
				GCC_WARN_UNUSED_VARIABLE = YES;
				IPHONEOS_DEPLOYMENT_TARGET = 15.4;
				MTL_ENABLE_DEBUG_INFO = INCLUDE_SOURCE;
				MTL_FAST_MATH = YES;
				ONLY_ACTIVE_ARCH = YES;
				SDKROOT = iphoneos;
				SWIFT_ACTIVE_COMPILATION_CONDITIONS = DEBUG;
				SWIFT_OPTIMIZATION_LEVEL = "-Onone";
			};
			name = Debug;
		};
		2788AF8C288285D7009CA6A5 /* Release */ = {
			isa = XCBuildConfiguration;
			buildSettings = {
				ALWAYS_SEARCH_USER_PATHS = NO;
				CLANG_ANALYZER_NONNULL = YES;
				CLANG_ANALYZER_NUMBER_OBJECT_CONVERSION = YES_AGGRESSIVE;
				CLANG_CXX_LANGUAGE_STANDARD = "gnu++17";
				CLANG_ENABLE_MODULES = YES;
				CLANG_ENABLE_OBJC_ARC = YES;
				CLANG_ENABLE_OBJC_WEAK = YES;
				CLANG_WARN_BLOCK_CAPTURE_AUTORELEASING = YES;
				CLANG_WARN_BOOL_CONVERSION = YES;
				CLANG_WARN_COMMA = YES;
				CLANG_WARN_CONSTANT_CONVERSION = YES;
				CLANG_WARN_DEPRECATED_OBJC_IMPLEMENTATIONS = YES;
				CLANG_WARN_DIRECT_OBJC_ISA_USAGE = YES_ERROR;
				CLANG_WARN_DOCUMENTATION_COMMENTS = YES;
				CLANG_WARN_EMPTY_BODY = YES;
				CLANG_WARN_ENUM_CONVERSION = YES;
				CLANG_WARN_INFINITE_RECURSION = YES;
				CLANG_WARN_INT_CONVERSION = YES;
				CLANG_WARN_NON_LITERAL_NULL_CONVERSION = YES;
				CLANG_WARN_OBJC_IMPLICIT_RETAIN_SELF = YES;
				CLANG_WARN_OBJC_LITERAL_CONVERSION = YES;
				CLANG_WARN_OBJC_ROOT_CLASS = YES_ERROR;
				CLANG_WARN_QUOTED_INCLUDE_IN_FRAMEWORK_HEADER = YES;
				CLANG_WARN_RANGE_LOOP_ANALYSIS = YES;
				CLANG_WARN_STRICT_PROTOTYPES = YES;
				CLANG_WARN_SUSPICIOUS_MOVE = YES;
				CLANG_WARN_UNGUARDED_AVAILABILITY = YES_AGGRESSIVE;
				CLANG_WARN_UNREACHABLE_CODE = YES;
				CLANG_WARN__DUPLICATE_METHOD_MATCH = YES;
				COPY_PHASE_STRIP = NO;
				DEBUG_INFORMATION_FORMAT = "dwarf-with-dsym";
				ENABLE_NS_ASSERTIONS = NO;
				ENABLE_STRICT_OBJC_MSGSEND = YES;
				GCC_C_LANGUAGE_STANDARD = gnu11;
				GCC_NO_COMMON_BLOCKS = YES;
				GCC_WARN_64_TO_32_BIT_CONVERSION = YES;
				GCC_WARN_ABOUT_RETURN_TYPE = YES_ERROR;
				GCC_WARN_UNDECLARED_SELECTOR = YES;
				GCC_WARN_UNINITIALIZED_AUTOS = YES_AGGRESSIVE;
				GCC_WARN_UNUSED_FUNCTION = YES;
				GCC_WARN_UNUSED_VARIABLE = YES;
				IPHONEOS_DEPLOYMENT_TARGET = 15.4;
				MTL_ENABLE_DEBUG_INFO = NO;
				MTL_FAST_MATH = YES;
				SDKROOT = iphoneos;
				SWIFT_COMPILATION_MODE = wholemodule;
				SWIFT_OPTIMIZATION_LEVEL = "-O";
				VALIDATE_PRODUCT = YES;
			};
			name = Release;
		};
		2788AF8E288285D7009CA6A5 /* Debug */ = {
			isa = XCBuildConfiguration;
			baseConfigurationReference = 501BF3CD7C27D44D2463F382 /* Pods-MoviesApp.debug.xcconfig */;
			buildSettings = {
				ASSETCATALOG_COMPILER_APPICON_NAME = AppIcon;
				ASSETCATALOG_COMPILER_GLOBAL_ACCENT_COLOR_NAME = AccentColor;
				CODE_SIGN_STYLE = Automatic;
				CURRENT_PROJECT_VERSION = 1;
				DEVELOPMENT_TEAM = JU922HQFPV;
				ENABLE_PREVIEWS = YES;
				GENERATE_INFOPLIST_FILE = YES;
				INFOPLIST_FILE = MoviesApp/Info.plist;
				INFOPLIST_KEY_UIApplicationSupportsIndirectInputEvents = YES;
				INFOPLIST_KEY_UILaunchScreen_Generation = YES;
				INFOPLIST_KEY_UILaunchStoryboardName = "Launch Screen";
				INFOPLIST_KEY_UISupportedInterfaceOrientations_iPad = "UIInterfaceOrientationPortrait UIInterfaceOrientationPortraitUpsideDown UIInterfaceOrientationLandscapeLeft UIInterfaceOrientationLandscapeRight";
				INFOPLIST_KEY_UISupportedInterfaceOrientations_iPhone = "UIInterfaceOrientationPortrait UIInterfaceOrientationLandscapeLeft UIInterfaceOrientationLandscapeRight";
				INFOPLIST_KEY_UIUserInterfaceStyle = Light;
				IPHONEOS_DEPLOYMENT_TARGET = 13.0;
				LD_RUNPATH_SEARCH_PATHS = (
					"$(inherited)",
					"@executable_path/Frameworks",
				);
				MARKETING_VERSION = 1.0;
				PRODUCT_BUNDLE_IDENTIFIER = com.anirudhamahale.MoviesApp;
				PRODUCT_NAME = "$(TARGET_NAME)";
				SWIFT_EMIT_LOC_STRINGS = YES;
				SWIFT_VERSION = 5.0;
				TARGETED_DEVICE_FAMILY = "1,2";
			};
			name = Debug;
		};
		2788AF8F288285D7009CA6A5 /* Release */ = {
			isa = XCBuildConfiguration;
			baseConfigurationReference = B2E3F8EF29FFBE5E9FA0849F /* Pods-MoviesApp.release.xcconfig */;
			buildSettings = {
				ASSETCATALOG_COMPILER_APPICON_NAME = AppIcon;
				ASSETCATALOG_COMPILER_GLOBAL_ACCENT_COLOR_NAME = AccentColor;
				CODE_SIGN_STYLE = Automatic;
				CURRENT_PROJECT_VERSION = 1;
				DEVELOPMENT_TEAM = JU922HQFPV;
				ENABLE_PREVIEWS = YES;
				GENERATE_INFOPLIST_FILE = YES;
				INFOPLIST_FILE = MoviesApp/Info.plist;
				INFOPLIST_KEY_UIApplicationSupportsIndirectInputEvents = YES;
				INFOPLIST_KEY_UILaunchScreen_Generation = YES;
				INFOPLIST_KEY_UILaunchStoryboardName = "Launch Screen";
				INFOPLIST_KEY_UISupportedInterfaceOrientations_iPad = "UIInterfaceOrientationPortrait UIInterfaceOrientationPortraitUpsideDown UIInterfaceOrientationLandscapeLeft UIInterfaceOrientationLandscapeRight";
				INFOPLIST_KEY_UISupportedInterfaceOrientations_iPhone = "UIInterfaceOrientationPortrait UIInterfaceOrientationLandscapeLeft UIInterfaceOrientationLandscapeRight";
				INFOPLIST_KEY_UIUserInterfaceStyle = Light;
				IPHONEOS_DEPLOYMENT_TARGET = 13.0;
				LD_RUNPATH_SEARCH_PATHS = (
					"$(inherited)",
					"@executable_path/Frameworks",
				);
				MARKETING_VERSION = 1.0;
				PRODUCT_BUNDLE_IDENTIFIER = com.anirudhamahale.MoviesApp;
				PRODUCT_NAME = "$(TARGET_NAME)";
				SWIFT_EMIT_LOC_STRINGS = YES;
				SWIFT_VERSION = 5.0;
				TARGETED_DEVICE_FAMILY = "1,2";
			};
			name = Release;
		};
/* End XCBuildConfiguration section */

/* Begin XCConfigurationList section */
		2788AF7A288285D5009CA6A5 /* Build configuration list for PBXProject "MoviesApp" */ = {
			isa = XCConfigurationList;
			buildConfigurations = (
				2788AF8B288285D7009CA6A5 /* Debug */,
				2788AF8C288285D7009CA6A5 /* Release */,
			);
			defaultConfigurationIsVisible = 0;
			defaultConfigurationName = Release;
		};
		2788AF8D288285D7009CA6A5 /* Build configuration list for PBXNativeTarget "MoviesApp" */ = {
			isa = XCConfigurationList;
			buildConfigurations = (
				2788AF8E288285D7009CA6A5 /* Debug */,
				2788AF8F288285D7009CA6A5 /* Release */,
			);
			defaultConfigurationIsVisible = 0;
			defaultConfigurationName = Release;
		};
/* End XCConfigurationList section */

/* Begin XCVersionGroup section */
		27AFA0B328840FAB005F9FB0 /* Movies.xcdatamodeld */ = {
			isa = XCVersionGroup;
			children = (
				27AFA0B428840FAB005F9FB0 /* Movies.xcdatamodel */,
			);
			currentVersion = 27AFA0B428840FAB005F9FB0 /* Movies.xcdatamodel */;
			path = Movies.xcdatamodeld;
			sourceTree = "<group>";
			versionGroupType = wrapper.xcdatamodel;
		};
/* End XCVersionGroup section */
	};
	rootObject = 2788AF77288285D5009CA6A5 /* Project object */;
}
